
Microsoft Visual Studio Solution File, Format Version 12.00
# Visual Studio Version 17
VisualStudioVersion = 17.3.32922.545
MinimumVisualStudioVersion = 10.0.40219.1
Project("{FAE04EC0-301F-11D3-BF4B-00C04F79EFBC}") = "lab4", "lab4.csproj", "{596BD9DD-4907-4316-9CDD-9B9D71A4F3D2}"
EndProject
Global
	GlobalSection(SolutionConfigurationPlatforms) = preSolution
		Debug|Any CPU = Debug|Any CPU
		Release|Any CPU = Release|Any CPU
	EndGlobalSection
	GlobalSection(ProjectConfigurationPlatforms) = postSolution
		{596BD9DD-4907-4316-9CDD-9B9D71A4F3D2}.Debug|Any CPU.ActiveCfg = Debug|Any CPU
		{596BD9DD-4907-4316-9CDD-9B9D71A4F3D2}.Debug|Any CPU.Build.0 = Debug|Any CPU
		{596BD9DD-4907-4316-9CDD-9B9D71A4F3D2}.Release|Any CPU.ActiveCfg = Release|Any CPU
		{596BD9DD-4907-4316-9CDD-9B9D71A4F3D2}.Release|Any CPU.Build.0 = Release|Any CPU
	EndGlobalSection
	GlobalSection(SolutionProperties) = preSolution
		HideSolutionNode = FALSE
	EndGlobalSection
	GlobalSection(ExtensibilityGlobals) = postSolution
		SolutionGuid = {B6EFBFE2-3B0F-4985-8BAD-BCDFBB93B2D1}
	EndGlobalSection
EndGlobal
