
Microsoft Visual Studio Solution File, Format Version 12.00
# Visual Studio Version 17
VisualStudioVersion = 17.11.35327.3
MinimumVisualStudioVersion = 10.0.40219.1
Project("{FAE04EC0-301F-11D3-BF4B-00C04F79EFBC}") = "Lab5ProbaDom", "Lab5ProbaDom.csproj", "{68CFB55D-8B3E-40AB-A164-C43B6EC25680}"
EndProject
Global
	GlobalSection(SolutionConfigurationPlatforms) = preSolution
		Debug|Any CPU = Debug|Any CPU
		Release|Any CPU = Release|Any CPU
	EndGlobalSection
	GlobalSection(ProjectConfigurationPlatforms) = postSolution
		{68CFB55D-8B3E-40AB-A164-C43B6EC25680}.Debug|Any CPU.ActiveCfg = Debug|Any CPU
		{68CFB55D-8B3E-40AB-A164-C43B6EC25680}.Debug|Any CPU.Build.0 = Debug|Any CPU
		{68CFB55D-8B3E-40AB-A164-C43B6EC25680}.Release|Any CPU.ActiveCfg = Release|Any CPU
		{68CFB55D-8B3E-40AB-A164-C43B6EC25680}.Release|Any CPU.Build.0 = Release|Any CPU
	EndGlobalSection
	GlobalSection(SolutionProperties) = preSolution
		HideSolutionNode = FALSE
	EndGlobalSection
	GlobalSection(ExtensibilityGlobals) = postSolution
		SolutionGuid = {0EC21298-66F2-4D70-8648-8B26A152DF9D}
	EndGlobalSection
EndGlobal
